{
  "nodes": {
    "flake-compat": {
      "flake": false,
      "locked": {
        "lastModified": 1673956053,
        "narHash": "sha256-4gtG9iQuiKITOjNQQeQIpoIB6b16fm+504Ch3sNKLd8=",
        "owner": "edolstra",
        "repo": "flake-compat",
        "rev": "35bb57c0c8d8b62bbfd284272c928ceb64ddbde9",
        "type": "github"
      },
      "original": {
        "owner": "edolstra",
        "repo": "flake-compat",
        "type": "github"
      }
    },
    "flake-utils": {
      "locked": {
        "lastModified": 1667395993,
        "narHash": "sha256-nuEHfE/LcWyuSWnS8t12N1wc105Qtau+/OdUAjtQ0rA=",
        "owner": "numtide",
        "repo": "flake-utils",
        "rev": "5aed5285a952e0b949eb3ba02c12fa4fcfef535f",
        "type": "github"
      },
      "original": {
        "owner": "numtide",
        "repo": "flake-utils",
        "type": "github"
      }
    },
    "flake-utils_2": {
      "locked": {
        "lastModified": 1667395993,
        "narHash": "sha256-nuEHfE/LcWyuSWnS8t12N1wc105Qtau+/OdUAjtQ0rA=",
        "owner": "numtide",
        "repo": "flake-utils",
        "rev": "5aed5285a952e0b949eb3ba02c12fa4fcfef535f",
        "type": "github"
      },
      "original": {
        "owner": "numtide",
        "repo": "flake-utils",
        "type": "github"
      }
    },
    "nix-vscode-extensions": {
      "inputs": {
        "flake-compat": "flake-compat",
        "flake-utils": "flake-utils_2",
        "nixpkgs": "nixpkgs"
      },
      "locked": {
        "lastModified": 1675146955,
        "narHash": "sha256-UfyXVPYY7qvhxQ/aq0nmKqtQgeARP8dQ+wATVUkft84=",
        "owner": "nix-community",
        "repo": "nix-vscode-extensions",
        "rev": "13378a0b6026e8b52ccb881454b43201cbe005b4",
        "type": "github"
      },
      "original": {
        "owner": "nix-community",
        "repo": "nix-vscode-extensions",
        "rev": "13378a0b6026e8b52ccb881454b43201cbe005b4",
        "type": "github"
      }
    },
    "nixpkgs": {
      "locked": {
        "lastModified": 1671213428,
        "narHash": "sha256-0deLDx1KjTiB3AKV2/OizGfEWcp6ZPjsDXk99uPJ8FM=",
        "owner": "NixOS",
        "repo": "nixpkgs",
        "rev": "dbc68fa4bb132d990945d39801b0d7f2ba15b08f",
        "type": "github"
      },
      "original": {
        "owner": "NixOS",
        "repo": "nixpkgs",
        "rev": "dbc68fa4bb132d990945d39801b0d7f2ba15b08f",
        "type": "github"
      }
    },
    "nixpkgs_2": {
      "locked": {
        "lastModified": 1671213428,
        "narHash": "sha256-0deLDx1KjTiB3AKV2/OizGfEWcp6ZPjsDXk99uPJ8FM=",
        "owner": "NixOS",
        "repo": "nixpkgs",
        "rev": "dbc68fa4bb132d990945d39801b0d7f2ba15b08f",
        "type": "github"
      },
      "original": {
        "owner": "NixOS",
        "repo": "nixpkgs",
        "rev": "dbc68fa4bb132d990945d39801b0d7f2ba15b08f",
        "type": "github"
      }
    },
    "root": {
      "inputs": {
        "flake-utils": "flake-utils",
        "nix-vscode-extensions": "nix-vscode-extensions",
        "nixpkgs": "nixpkgs_2"
      }
    }
  },
  "root": "root",
  "version": 7
}
