{
  "nodes": {
    "codium": {
      "inputs": {
        "drv-tools": "drv-tools",
        "flake-utils": [
          "codium",
          "flake-utils_",
          "flake-utils"
        ],
        "flake-utils_": "flake-utils__2",
        "nixpkgs": [
          "codium",
          "nixpkgs_",
          "nixpkgs"
        ],
        "nixpkgs_": "nixpkgs__2",
        "vscode-extensions": "vscode-extensions",
        "vscode-extensions-extra": "vscode-extensions-extra"
      },
      "locked": {
        "dir": "codium",
        "lastModified": 1684350709,
        "narHash": "sha256-Ja8w7NFxHz4RhaFfHrdI4QUhVOtx0oJtCFbqC6faA/k=",
        "owner": "deemp",
        "repo": "flakes",
        "rev": "d4773c6cbd270ca2a94b73e011d58e6779656117",
        "type": "github"
      },
      "original": {
        "dir": "codium",
        "owner": "deemp",
        "repo": "flakes",
        "type": "github"
      }
    },
    "devshell": {
      "inputs": {
        "devshell": [
          "devshell",
          "devshell_",
          "devshell"
        ],
        "devshell_": "devshell_",
        "flake-utils": [
          "devshell",
          "flake-utils_",
          "flake-utils"
        ],
        "flake-utils_": "flake-utils__3",
        "nixpkgs": [
          "devshell",
          "nixpkgs_",
          "nixpkgs"
        ],
        "nixpkgs_": "nixpkgs__3"
      },
      "locked": {
        "dir": "devshell",
        "lastModified": 1684350709,
        "narHash": "sha256-Ja8w7NFxHz4RhaFfHrdI4QUhVOtx0oJtCFbqC6faA/k=",
        "owner": "deemp",
        "repo": "flakes",
        "rev": "d4773c6cbd270ca2a94b73e011d58e6779656117",
        "type": "github"
      },
      "original": {
        "dir": "devshell",
        "owner": "deemp",
        "repo": "flakes",
        "type": "github"
      }
    },
    "devshell_": {
      "inputs": {
        "devshell": "devshell_2"
      },
      "locked": {
        "dir": "source-flake/devshell",
        "lastModified": 1684318531,
        "narHash": "sha256-eAna8TloUCMlMIw2i6iuW3FLdpoarQEw13awJfwkkjY=",
        "owner": "deemp",
        "repo": "flakes",
        "rev": "1acb695682deb9aaeac2fa1f179c0477e7430a5b",
        "type": "github"
      },
      "original": {
        "dir": "source-flake/devshell",
        "owner": "deemp",
        "repo": "flakes",
        "type": "github"
      }
    },
    "devshell_2": {
      "inputs": {
        "flake-utils": "flake-utils_5",
        "nixpkgs": "nixpkgs_5"
      },
      "locked": {
        "lastModified": 1667210711,
        "narHash": "sha256-IoErjXZAkzYWHEpQqwu/DeRNJGFdR7X2OGbkhMqMrpw=",
        "owner": "numtide",
        "repo": "devshell",
        "rev": "96a9dd12b8a447840cc246e17a47b81a4268bba7",
        "type": "github"
      },
      "original": {
        "owner": "numtide",
        "repo": "devshell",
        "rev": "96a9dd12b8a447840cc246e17a47b81a4268bba7",
        "type": "github"
      }
    },
    "drv-tools": {
      "inputs": {
        "flake-utils": [
          "codium",
          "drv-tools",
          "flake-utils_",
          "flake-utils"
        ],
        "flake-utils_": "flake-utils_",
        "nixpkgs": [
          "codium",
          "drv-tools",
          "nixpkgs_",
          "nixpkgs"
        ],
        "nixpkgs_": "nixpkgs_"
      },
      "locked": {
        "dir": "drv-tools",
        "lastModified": 1684318531,
        "narHash": "sha256-eAna8TloUCMlMIw2i6iuW3FLdpoarQEw13awJfwkkjY=",
        "owner": "deemp",
        "repo": "flakes",
        "rev": "1acb695682deb9aaeac2fa1f179c0477e7430a5b",
        "type": "github"
      },
      "original": {
        "dir": "drv-tools",
        "owner": "deemp",
        "repo": "flakes",
        "type": "github"
      }
    },
    "drv-tools_2": {
      "inputs": {
        "flake-utils": [
          "drv-tools",
          "flake-utils_",
          "flake-utils"
        ],
        "flake-utils_": "flake-utils__4",
        "nixpkgs": [
          "drv-tools",
          "nixpkgs_",
          "nixpkgs"
        ],
        "nixpkgs_": "nixpkgs__4"
      },
      "locked": {
        "dir": "drv-tools",
        "lastModified": 1684350709,
        "narHash": "sha256-Ja8w7NFxHz4RhaFfHrdI4QUhVOtx0oJtCFbqC6faA/k=",
        "owner": "deemp",
        "repo": "flakes",
        "rev": "d4773c6cbd270ca2a94b73e011d58e6779656117",
        "type": "github"
      },
      "original": {
        "dir": "drv-tools",
        "owner": "deemp",
        "repo": "flakes",
        "type": "github"
      }
    },
    "flake-compat": {
      "flake": false,
      "locked": {
        "lastModified": 1673956053,
        "narHash": "sha256-4gtG9iQuiKITOjNQQeQIpoIB6b16fm+504Ch3sNKLd8=",
        "owner": "edolstra",
        "repo": "flake-compat",
        "rev": "35bb57c0c8d8b62bbfd284272c928ceb64ddbde9",
        "type": "github"
      },
      "original": {
        "owner": "edolstra",
        "repo": "flake-compat",
        "type": "github"
      }
    },
    "flake-compat_2": {
      "flake": false,
      "locked": {
        "lastModified": 1673956053,
        "narHash": "sha256-4gtG9iQuiKITOjNQQeQIpoIB6b16fm+504Ch3sNKLd8=",
        "owner": "edolstra",
        "repo": "flake-compat",
        "rev": "35bb57c0c8d8b62bbfd284272c928ceb64ddbde9",
        "type": "github"
      },
      "original": {
        "owner": "edolstra",
        "repo": "flake-compat",
        "type": "github"
      }
    },
    "flake-utils": {
      "inputs": {
        "systems": "systems"
      },
      "locked": {
        "lastModified": 1681202837,
        "narHash": "sha256-H+Rh19JDwRtpVPAWp64F+rlEtxUWBAQW28eAi3SRSzg=",
        "owner": "numtide",
        "repo": "flake-utils",
        "rev": "cfacdce06f30d2b68473a46042957675eebb3401",
        "type": "github"
      },
      "original": {
        "owner": "numtide",
        "repo": "flake-utils",
        "type": "github"
      }
    },
    "flake-utils_": {
      "inputs": {
        "flake-utils": "flake-utils"
      },
      "locked": {
        "dir": "source-flake/flake-utils",
        "lastModified": 1683887068,
        "narHash": "sha256-R2F4cJs0Kiq6Y5E2wVB97FFwEm7ANdUTit+mYtkS9Zo=",
        "owner": "deemp",
        "repo": "flakes",
        "rev": "e1e149ebb47a863587436d85302f4fef496cd029",
        "type": "github"
      },
      "original": {
        "dir": "source-flake/flake-utils",
        "owner": "deemp",
        "repo": "flakes",
        "type": "github"
      }
    },
    "flake-utils_2": {
      "inputs": {
        "systems": "systems_2"
      },
      "locked": {
        "lastModified": 1681202837,
        "narHash": "sha256-H+Rh19JDwRtpVPAWp64F+rlEtxUWBAQW28eAi3SRSzg=",
        "owner": "numtide",
        "repo": "flake-utils",
        "rev": "cfacdce06f30d2b68473a46042957675eebb3401",
        "type": "github"
      },
      "original": {
        "owner": "numtide",
        "repo": "flake-utils",
        "type": "github"
      }
    },
    "flake-utils_3": {
      "locked": {
        "lastModified": 1667395993,
        "narHash": "sha256-nuEHfE/LcWyuSWnS8t12N1wc105Qtau+/OdUAjtQ0rA=",
        "owner": "numtide",
        "repo": "flake-utils",
        "rev": "5aed5285a952e0b949eb3ba02c12fa4fcfef535f",
        "type": "github"
      },
      "original": {
        "owner": "numtide",
        "repo": "flake-utils",
        "type": "github"
      }
    },
    "flake-utils_4": {
      "locked": {
        "lastModified": 1667395993,
        "narHash": "sha256-nuEHfE/LcWyuSWnS8t12N1wc105Qtau+/OdUAjtQ0rA=",
        "owner": "numtide",
        "repo": "flake-utils",
        "rev": "5aed5285a952e0b949eb3ba02c12fa4fcfef535f",
        "type": "github"
      },
      "original": {
        "owner": "numtide",
        "repo": "flake-utils",
        "type": "github"
      }
    },
    "flake-utils_5": {
      "locked": {
        "lastModified": 1642700792,
        "narHash": "sha256-XqHrk7hFb+zBvRg6Ghl+AZDq03ov6OshJLiSWOoX5es=",
        "owner": "numtide",
        "repo": "flake-utils",
        "rev": "846b2ae0fc4cc943637d3d1def4454213e203cba",
        "type": "github"
      },
      "original": {
        "owner": "numtide",
        "repo": "flake-utils",
        "type": "github"
      }
    },
    "flake-utils_6": {
      "inputs": {
        "systems": "systems_3"
      },
      "locked": {
        "lastModified": 1681202837,
        "narHash": "sha256-H+Rh19JDwRtpVPAWp64F+rlEtxUWBAQW28eAi3SRSzg=",
        "owner": "numtide",
        "repo": "flake-utils",
        "rev": "cfacdce06f30d2b68473a46042957675eebb3401",
        "type": "github"
      },
      "original": {
        "owner": "numtide",
        "repo": "flake-utils",
        "type": "github"
      }
    },
    "flake-utils_7": {
      "inputs": {
        "systems": "systems_4"
      },
      "locked": {
        "lastModified": 1681202837,
        "narHash": "sha256-H+Rh19JDwRtpVPAWp64F+rlEtxUWBAQW28eAi3SRSzg=",
        "owner": "numtide",
        "repo": "flake-utils",
        "rev": "cfacdce06f30d2b68473a46042957675eebb3401",
        "type": "github"
      },
      "original": {
        "owner": "numtide",
        "repo": "flake-utils",
        "type": "github"
      }
    },
    "flake-utils_8": {
      "inputs": {
        "systems": "systems_5"
      },
      "locked": {
        "lastModified": 1681202837,
        "narHash": "sha256-H+Rh19JDwRtpVPAWp64F+rlEtxUWBAQW28eAi3SRSzg=",
        "owner": "numtide",
        "repo": "flake-utils",
        "rev": "cfacdce06f30d2b68473a46042957675eebb3401",
        "type": "github"
      },
      "original": {
        "owner": "numtide",
        "repo": "flake-utils",
        "type": "github"
      }
    },
    "flake-utils__2": {
      "inputs": {
        "flake-utils": "flake-utils_2"
      },
      "locked": {
        "dir": "source-flake/flake-utils",
        "lastModified": 1684318531,
        "narHash": "sha256-eAna8TloUCMlMIw2i6iuW3FLdpoarQEw13awJfwkkjY=",
        "owner": "deemp",
        "repo": "flakes",
        "rev": "1acb695682deb9aaeac2fa1f179c0477e7430a5b",
        "type": "github"
      },
      "original": {
        "dir": "source-flake/flake-utils",
        "owner": "deemp",
        "repo": "flakes",
        "type": "github"
      }
    },
    "flake-utils__3": {
      "inputs": {
        "flake-utils": "flake-utils_6"
      },
      "locked": {
        "dir": "source-flake/flake-utils",
        "lastModified": 1684318531,
        "narHash": "sha256-eAna8TloUCMlMIw2i6iuW3FLdpoarQEw13awJfwkkjY=",
        "owner": "deemp",
        "repo": "flakes",
        "rev": "1acb695682deb9aaeac2fa1f179c0477e7430a5b",
        "type": "github"
      },
      "original": {
        "dir": "source-flake/flake-utils",
        "owner": "deemp",
        "repo": "flakes",
        "type": "github"
      }
    },
    "flake-utils__4": {
      "inputs": {
        "flake-utils": "flake-utils_7"
      },
      "locked": {
        "dir": "source-flake/flake-utils",
        "lastModified": 1684318531,
        "narHash": "sha256-eAna8TloUCMlMIw2i6iuW3FLdpoarQEw13awJfwkkjY=",
        "owner": "deemp",
        "repo": "flakes",
        "rev": "1acb695682deb9aaeac2fa1f179c0477e7430a5b",
        "type": "github"
      },
      "original": {
        "dir": "source-flake/flake-utils",
        "owner": "deemp",
        "repo": "flakes",
        "type": "github"
      }
    },
    "flake-utils__5": {
      "inputs": {
        "flake-utils": "flake-utils_8"
      },
      "locked": {
        "dir": "source-flake/flake-utils",
        "lastModified": 1684350709,
        "narHash": "sha256-Ja8w7NFxHz4RhaFfHrdI4QUhVOtx0oJtCFbqC6faA/k=",
        "owner": "deemp",
        "repo": "flakes",
        "rev": "d4773c6cbd270ca2a94b73e011d58e6779656117",
        "type": "github"
      },
      "original": {
        "dir": "source-flake/flake-utils",
        "owner": "deemp",
        "repo": "flakes",
        "type": "github"
      }
    },
    "nixpkgs": {
      "locked": {
        "lastModified": 1683686518,
        "narHash": "sha256-ieG0J4GCUqOE9Wo8cNSsa1Ev9QKMLrHANOlu22v17bo=",
        "owner": "NixOS",
        "repo": "nixpkgs",
        "rev": "12ba1a5f90b16acdca741ac82d8204b3ec8c2aaf",
        "type": "github"
      },
      "original": {
        "owner": "NixOS",
        "repo": "nixpkgs",
        "rev": "12ba1a5f90b16acdca741ac82d8204b3ec8c2aaf",
        "type": "github"
      }
    },
    "nixpkgs_": {
      "inputs": {
        "nixpkgs": "nixpkgs"
      },
      "locked": {
        "dir": "source-flake/nixpkgs",
        "lastModified": 1683887068,
        "narHash": "sha256-R2F4cJs0Kiq6Y5E2wVB97FFwEm7ANdUTit+mYtkS9Zo=",
        "owner": "deemp",
        "repo": "flakes",
        "rev": "e1e149ebb47a863587436d85302f4fef496cd029",
        "type": "github"
      },
      "original": {
        "dir": "source-flake/nixpkgs",
        "owner": "deemp",
        "repo": "flakes",
        "type": "github"
      }
    },
    "nixpkgs_2": {
      "locked": {
        "lastModified": 1683686518,
        "narHash": "sha256-ieG0J4GCUqOE9Wo8cNSsa1Ev9QKMLrHANOlu22v17bo=",
        "owner": "NixOS",
        "repo": "nixpkgs",
        "rev": "12ba1a5f90b16acdca741ac82d8204b3ec8c2aaf",
        "type": "github"
      },
      "original": {
        "owner": "NixOS",
        "repo": "nixpkgs",
        "rev": "12ba1a5f90b16acdca741ac82d8204b3ec8c2aaf",
        "type": "github"
      }
    },
    "nixpkgs_3": {
      "locked": {
        "lastModified": 1675763311,
        "narHash": "sha256-bz0Q2H3mxsF1CUfk26Sl9Uzi8/HFjGFD/moZHz1HebU=",
        "owner": "NixOS",
        "repo": "nixpkgs",
        "rev": "fab09085df1b60d6a0870c8a89ce26d5a4a708c2",
        "type": "github"
      },
      "original": {
        "owner": "NixOS",
        "ref": "nixos-unstable",
        "repo": "nixpkgs",
        "type": "github"
      }
    },
    "nixpkgs_4": {
      "locked": {
        "lastModified": 1675763311,
        "narHash": "sha256-bz0Q2H3mxsF1CUfk26Sl9Uzi8/HFjGFD/moZHz1HebU=",
        "owner": "NixOS",
        "repo": "nixpkgs",
        "rev": "fab09085df1b60d6a0870c8a89ce26d5a4a708c2",
        "type": "github"
      },
      "original": {
        "owner": "NixOS",
        "ref": "nixos-unstable",
        "repo": "nixpkgs",
        "type": "github"
      }
    },
    "nixpkgs_5": {
      "locked": {
        "lastModified": 1643381941,
        "narHash": "sha256-pHTwvnN4tTsEKkWlXQ8JMY423epos8wUOhthpwJjtpc=",
        "owner": "NixOS",
        "repo": "nixpkgs",
        "rev": "5efc8ca954272c4376ac929f4c5ffefcc20551d5",
        "type": "github"
      },
      "original": {
        "owner": "NixOS",
        "ref": "nixpkgs-unstable",
        "repo": "nixpkgs",
        "type": "github"
      }
    },
    "nixpkgs_6": {
      "locked": {
        "lastModified": 1683686518,
        "narHash": "sha256-ieG0J4GCUqOE9Wo8cNSsa1Ev9QKMLrHANOlu22v17bo=",
        "owner": "NixOS",
        "repo": "nixpkgs",
        "rev": "12ba1a5f90b16acdca741ac82d8204b3ec8c2aaf",
        "type": "github"
      },
      "original": {
        "owner": "NixOS",
        "repo": "nixpkgs",
        "rev": "12ba1a5f90b16acdca741ac82d8204b3ec8c2aaf",
        "type": "github"
      }
    },
    "nixpkgs_7": {
      "locked": {
        "lastModified": 1683686518,
        "narHash": "sha256-ieG0J4GCUqOE9Wo8cNSsa1Ev9QKMLrHANOlu22v17bo=",
        "owner": "NixOS",
        "repo": "nixpkgs",
        "rev": "12ba1a5f90b16acdca741ac82d8204b3ec8c2aaf",
        "type": "github"
      },
      "original": {
        "owner": "NixOS",
        "repo": "nixpkgs",
        "rev": "12ba1a5f90b16acdca741ac82d8204b3ec8c2aaf",
        "type": "github"
      }
    },
    "nixpkgs_8": {
      "locked": {
        "lastModified": 1683686518,
        "narHash": "sha256-ieG0J4GCUqOE9Wo8cNSsa1Ev9QKMLrHANOlu22v17bo=",
        "owner": "NixOS",
        "repo": "nixpkgs",
        "rev": "12ba1a5f90b16acdca741ac82d8204b3ec8c2aaf",
        "type": "github"
      },
      "original": {
        "owner": "NixOS",
        "repo": "nixpkgs",
        "rev": "12ba1a5f90b16acdca741ac82d8204b3ec8c2aaf",
        "type": "github"
      }
    },
    "nixpkgs__2": {
      "inputs": {
        "nixpkgs": "nixpkgs_2"
      },
      "locked": {
        "dir": "source-flake/nixpkgs",
        "lastModified": 1684318531,
        "narHash": "sha256-eAna8TloUCMlMIw2i6iuW3FLdpoarQEw13awJfwkkjY=",
        "owner": "deemp",
        "repo": "flakes",
        "rev": "1acb695682deb9aaeac2fa1f179c0477e7430a5b",
        "type": "github"
      },
      "original": {
        "dir": "source-flake/nixpkgs",
        "owner": "deemp",
        "repo": "flakes",
        "type": "github"
      }
    },
    "nixpkgs__3": {
      "inputs": {
        "nixpkgs": "nixpkgs_6"
      },
      "locked": {
        "dir": "source-flake/nixpkgs",
        "lastModified": 1684318531,
        "narHash": "sha256-eAna8TloUCMlMIw2i6iuW3FLdpoarQEw13awJfwkkjY=",
        "owner": "deemp",
        "repo": "flakes",
        "rev": "1acb695682deb9aaeac2fa1f179c0477e7430a5b",
        "type": "github"
      },
      "original": {
        "dir": "source-flake/nixpkgs",
        "owner": "deemp",
        "repo": "flakes",
        "type": "github"
      }
    },
    "nixpkgs__4": {
      "inputs": {
        "nixpkgs": "nixpkgs_7"
      },
      "locked": {
        "dir": "source-flake/nixpkgs",
        "lastModified": 1684318531,
        "narHash": "sha256-eAna8TloUCMlMIw2i6iuW3FLdpoarQEw13awJfwkkjY=",
        "owner": "deemp",
        "repo": "flakes",
        "rev": "1acb695682deb9aaeac2fa1f179c0477e7430a5b",
        "type": "github"
      },
      "original": {
        "dir": "source-flake/nixpkgs",
        "owner": "deemp",
        "repo": "flakes",
        "type": "github"
      }
    },
    "nixpkgs__5": {
      "inputs": {
        "nixpkgs": "nixpkgs_8"
      },
      "locked": {
        "dir": "source-flake/nixpkgs",
        "lastModified": 1684350709,
        "narHash": "sha256-Ja8w7NFxHz4RhaFfHrdI4QUhVOtx0oJtCFbqC6faA/k=",
        "owner": "deemp",
        "repo": "flakes",
        "rev": "d4773c6cbd270ca2a94b73e011d58e6779656117",
        "type": "github"
      },
      "original": {
        "dir": "source-flake/nixpkgs",
        "owner": "deemp",
        "repo": "flakes",
        "type": "github"
      }
    },
    "root": {
      "inputs": {
        "codium": "codium",
        "devshell": "devshell",
        "drv-tools": "drv-tools_2",
        "flake-utils": [
          "flake-utils_",
          "flake-utils"
        ],
        "flake-utils_": "flake-utils__5",
        "nixpkgs": [
          "nixpkgs_",
          "nixpkgs"
        ],
        "nixpkgs_": "nixpkgs__5"
      }
    },
    "systems": {
      "locked": {
        "lastModified": 1681028828,
        "narHash": "sha256-Vy1rq5AaRuLzOxct8nz4T6wlgyUR7zLU309k9mBC768=",
        "owner": "nix-systems",
        "repo": "default",
        "rev": "da67096a3b9bf56a91d16901293e51ba5b49a27e",
        "type": "github"
      },
      "original": {
        "owner": "nix-systems",
        "repo": "default",
        "type": "github"
      }
    },
    "systems_2": {
      "locked": {
        "lastModified": 1681028828,
        "narHash": "sha256-Vy1rq5AaRuLzOxct8nz4T6wlgyUR7zLU309k9mBC768=",
        "owner": "nix-systems",
        "repo": "default",
        "rev": "da67096a3b9bf56a91d16901293e51ba5b49a27e",
        "type": "github"
      },
      "original": {
        "owner": "nix-systems",
        "repo": "default",
        "type": "github"
      }
    },
    "systems_3": {
      "locked": {
        "lastModified": 1681028828,
        "narHash": "sha256-Vy1rq5AaRuLzOxct8nz4T6wlgyUR7zLU309k9mBC768=",
        "owner": "nix-systems",
        "repo": "default",
        "rev": "da67096a3b9bf56a91d16901293e51ba5b49a27e",
        "type": "github"
      },
      "original": {
        "owner": "nix-systems",
        "repo": "default",
        "type": "github"
      }
    },
    "systems_4": {
      "locked": {
        "lastModified": 1681028828,
        "narHash": "sha256-Vy1rq5AaRuLzOxct8nz4T6wlgyUR7zLU309k9mBC768=",
        "owner": "nix-systems",
        "repo": "default",
        "rev": "da67096a3b9bf56a91d16901293e51ba5b49a27e",
        "type": "github"
      },
      "original": {
        "owner": "nix-systems",
        "repo": "default",
        "type": "github"
      }
    },
    "systems_5": {
      "locked": {
        "lastModified": 1681028828,
        "narHash": "sha256-Vy1rq5AaRuLzOxct8nz4T6wlgyUR7zLU309k9mBC768=",
        "owner": "nix-systems",
        "repo": "default",
        "rev": "da67096a3b9bf56a91d16901293e51ba5b49a27e",
        "type": "github"
      },
      "original": {
        "owner": "nix-systems",
        "repo": "default",
        "type": "github"
      }
    },
    "vscode-extensions": {
      "inputs": {
        "flake-compat": "flake-compat",
        "flake-utils": "flake-utils_3",
        "nixpkgs": "nixpkgs_3"
      },
      "locked": {
        "lastModified": 1683681045,
        "narHash": "sha256-o0YNexDtjEaUGIDk8XhQRKAZ+uhNE1oYxDG74u6jMyM=",
        "owner": "nix-community",
        "repo": "nix-vscode-extensions",
        "rev": "8b677304fe06d216c6ca12492f3ab7203449b604",
        "type": "github"
      },
      "original": {
        "owner": "nix-community",
        "repo": "nix-vscode-extensions",
        "rev": "8b677304fe06d216c6ca12492f3ab7203449b604",
        "type": "github"
      }
    },
    "vscode-extensions-extra": {
      "inputs": {
        "flake-compat": "flake-compat_2",
        "flake-utils": "flake-utils_4",
        "nixpkgs": "nixpkgs_4"
      },
      "locked": {
        "lastModified": 1683248756,
        "narHash": "sha256-jB11TQX+CKvH+MpPzAQbc5/OVg9D28zoBN4ZwmUUKiU=",
        "owner": "nix-community",
        "repo": "nix-vscode-extensions",
        "rev": "288ddbb70b5befac24602bfe7e5d9fe09dfae8d0",
        "type": "github"
      },
      "original": {
        "owner": "nix-community",
        "repo": "nix-vscode-extensions",
        "rev": "288ddbb70b5befac24602bfe7e5d9fe09dfae8d0",
        "type": "github"
      }
    }
  },
  "root": "root",
  "version": 7
}
