{
  "nodes": {
    "flakes": {
      "locked": {
        "lastModified": 1689887603,
        "narHash": "sha256-LFTk1LN28SUYu7pP9rhQ/6tl7wbmZhVMNFtGGspyeHY=",
        "owner": "deemp",
        "repo": "flakes",
        "rev": "a495f752be9d9909ffe3fdef8ae55cfc6cafb638",
        "type": "github"
      },
      "original": {
        "owner": "deemp",
        "repo": "flakes",
        "type": "github"
      }
    },
    "root": {
      "inputs": {
        "flakes": "flakes"
      }
    }
  },
  "root": "root",
  "version": 7
}
