{
  "nodes": {
    "flake-utils": {
      "locked": {
        "lastModified": 1667395993,
        "narHash": "sha256-nuEHfE/LcWyuSWnS8t12N1wc105Qtau+/OdUAjtQ0rA=",
        "owner": "numtide",
        "repo": "flake-utils",
        "rev": "5aed5285a952e0b949eb3ba02c12fa4fcfef535f",
        "type": "github"
      },
      "original": {
        "owner": "numtide",
        "repo": "flake-utils",
        "type": "github"
      }
    },
    "flake-utils_": {
      "inputs": {
        "flake-utils": "flake-utils"
      },
      "locked": {
        "dir": "source-flake/flake-utils",
        "lastModified": 1672398547,
        "narHash": "sha256-rS1XZ9EDRgm/jLA9Ol8gbUbWxvTB8uBNMYMBSKq/pFM=",
        "owner": "deemp",
        "repo": "flakes",
        "rev": "746e7d0913808203e2043c94e3b69ab7a2c982d5",
        "type": "github"
      },
      "original": {
        "dir": "source-flake/flake-utils",
        "owner": "deemp",
        "repo": "flakes",
        "type": "github"
      }
    },
    "flake-utils_2": {
      "locked": {
        "lastModified": 1667395993,
        "narHash": "sha256-nuEHfE/LcWyuSWnS8t12N1wc105Qtau+/OdUAjtQ0rA=",
        "owner": "numtide",
        "repo": "flake-utils",
        "rev": "5aed5285a952e0b949eb3ba02c12fa4fcfef535f",
        "type": "github"
      },
      "original": {
        "owner": "numtide",
        "repo": "flake-utils",
        "type": "github"
      }
    },
    "nix-vscode-extensions": {
      "inputs": {
        "flake-utils": "flake-utils_2",
        "nixpkgs": "nixpkgs"
      },
      "locked": {
        "lastModified": 1672378961,
        "narHash": "sha256-/cSpfyMuFKO1JwOPfroLhtoR/5myYE1urcfakWAdYCY=",
        "owner": "deemp",
        "repo": "nix-vscode-extensions",
        "rev": "14acc75eed5198d432c6a2b2cd5be917e4d44bff",
        "type": "github"
      },
      "original": {
        "owner": "deemp",
        "repo": "nix-vscode-extensions",
        "type": "github"
      }
    },
    "nixpkgs": {
      "locked": {
        "lastModified": 1671213428,
        "narHash": "sha256-0deLDx1KjTiB3AKV2/OizGfEWcp6ZPjsDXk99uPJ8FM=",
        "owner": "NixOS",
        "repo": "nixpkgs",
        "rev": "dbc68fa4bb132d990945d39801b0d7f2ba15b08f",
        "type": "github"
      },
      "original": {
        "owner": "NixOS",
        "repo": "nixpkgs",
        "rev": "dbc68fa4bb132d990945d39801b0d7f2ba15b08f",
        "type": "github"
      }
    },
    "nixpkgs_": {
      "inputs": {
        "nixpkgs": "nixpkgs_2"
      },
      "locked": {
        "dir": "source-flake/nixpkgs",
        "lastModified": 1672398547,
        "narHash": "sha256-rS1XZ9EDRgm/jLA9Ol8gbUbWxvTB8uBNMYMBSKq/pFM=",
        "owner": "deemp",
        "repo": "flakes",
        "rev": "746e7d0913808203e2043c94e3b69ab7a2c982d5",
        "type": "github"
      },
      "original": {
        "dir": "source-flake/nixpkgs",
        "owner": "deemp",
        "repo": "flakes",
        "type": "github"
      }
    },
    "nixpkgs_2": {
      "locked": {
        "lastModified": 1672269866,
        "narHash": "sha256-GpVlIM5y4GrvyLSLxMU7gt3kphUoEbercUcAxLU2z4I=",
        "owner": "NixOS",
        "repo": "nixpkgs",
        "rev": "1bb598fb4588b8752674bfbddcf9403daf2d6e09",
        "type": "github"
      },
      "original": {
        "owner": "NixOS",
        "repo": "nixpkgs",
        "rev": "1bb598fb4588b8752674bfbddcf9403daf2d6e09",
        "type": "github"
      }
    },
    "root": {
      "inputs": {
        "flake-utils": [
          "flake-utils_",
          "flake-utils"
        ],
        "flake-utils_": "flake-utils_",
        "nix-vscode-extensions": "nix-vscode-extensions",
        "nixpkgs": [
          "nixpkgs_",
          "nixpkgs"
        ],
        "nixpkgs_": "nixpkgs_"
      }
    }
  },
  "root": "root",
  "version": 7
}
